{
  "name": "polyMp",
  "version": "1.0.0",
  "lockfileVersion": 1,
  "requires": true,
  "dependencies": {
    "wuss-weapp": {
      "version": "2.0.2",
      "resolved": "https://registry.npmjs.org/wuss-weapp/-/wuss-weapp-2.0.2.tgz",
      "integrity": "sha512-rCPS+Spb4dpZWwPfFvfCQtacrdiIR8g9wOf3UMaa4ZfZDLXNseAXHl4HcXZ0GqEuF/SgZtAYqNsoBgSRDz5Cfg=="
    }
  }
}
