# THIS IS AN AUTOGENERATED FILE. DO NOT EDIT THIS FILE DIRECTLY.
# yarn lockfile v1


miniprogram-computed@^0.0.6:
  version "0.0.6"
  resolved "https://registry.npmjs.org/miniprogram-computed/-/miniprogram-computed-0.0.6.tgz#c8fc83517a1394ee436838a2bb266ec4ab58da2f"
  integrity sha512-J47fQ+nM9hP+GHq8la5b1UvW+sxbkdy09Lf3tl+jQtxFBsDUScHoDjBqk7Dytn9REuxir4n5pomAG9/7gNEsiA==
