# THIS IS AN AUTOGENERATED FILE. DO NOT EDIT THIS FILE DIRECTLY.
# yarn lockfile v1


miniprogram-computed@^0.0.7:
  version "0.0.7"
  resolved "https://registry.npmjs.org/miniprogram-computed/-/miniprogram-computed-0.0.7.tgz#183c9f99c32aa8f40f49f4861671021185aa72df"
  integrity sha512-K3yvBGHPI7IYjaqd92i3+b9gV8j1OpfewBgATcue4LbdcC7n8hIyzITy9fvhj6lHm8oxtTpxRratAq+U6neWaw==
